
Microsoft Visual Studio Solution File, Format Version 12.00
# Visual Studio Version 17
VisualStudioVersion = 17.9.34902.65
MinimumVisualStudioVersion = 10.0.40219.1
Project("{F2A71F9B-5D33-465A-A702-920D77279786}") = "CMS.DBConnection", "CMS.DBConnection\CMS.DBConnection.fsproj", "{7737111A-E89A-46CC-869D-45BA0A74CAD4}"
EndProject
Global
	GlobalSection(SolutionConfigurationPlatforms) = preSolution
		Debug|Any CPU = Debug|Any CPU
		Release|Any CPU = Release|Any CPU
	EndGlobalSection
	GlobalSection(ProjectConfigurationPlatforms) = postSolution
		{7737111A-E89A-46CC-869D-45BA0A74CAD4}.Debug|Any CPU.ActiveCfg = Debug|Any CPU
		{7737111A-E89A-46CC-869D-45BA0A74CAD4}.Debug|Any CPU.Build.0 = Debug|Any CPU
		{7737111A-E89A-46CC-869D-45BA0A74CAD4}.Release|Any CPU.ActiveCfg = Release|Any CPU
		{7737111A-E89A-46CC-869D-45BA0A74CAD4}.Release|Any CPU.Build.0 = Release|Any CPU
	EndGlobalSection
	GlobalSection(SolutionProperties) = preSolution
		HideSolutionNode = FALSE
	EndGlobalSection
	GlobalSection(ExtensibilityGlobals) = postSolution
		SolutionGuid = {0899D27C-9B95-41C6-AEC7-17E7D727B12C}
	EndGlobalSection
EndGlobal
